// !$*UTF8*$!
{
	archiveVersion = 1;
	classes = {
	};
	objectVersion = 46;
	objects = {

/* Begin PBXBuildFile section */
		1E5144B41AC567D300DDFB5A /* RecordAudio.swift in Sources */ = {isa = PBXBuildFile; fileRef = 1E5144B31AC567D300DDFB5A /* RecordAudio.swift */; };
		1E77B7531ABB1D6E00E52093 /* PlaySoundsViewController.swift in Sources */ = {isa = PBXBuildFile; fileRef = 1E77B7521ABB1D6E00E52093 /* PlaySoundsViewController.swift */; };
		1E83AD1D1AB60D76006FD055 /* AppDelegate.swift in Sources */ = {isa = PBXBuildFile; fileRef = 1E83AD1C1AB60D76006FD055 /* AppDelegate.swift */; };
		1E83AD1F1AB60D76006FD055 /* RecordSoundsViewController.swift in Sources */ = {isa = PBXBuildFile; fileRef = 1E83AD1E1AB60D76006FD055 /* RecordSoundsViewController.swift */; };
		1E83AD221AB60D76006FD055 /* Main.storyboard in Resources */ = {isa = PBXBuildFile; fileRef = 1E83AD201AB60D76006FD055 /* Main.storyboard */; };
		1E83AD241AB60D77006FD055 /* Images.xcassets in Resources */ = {isa = PBXBuildFile; fileRef = 1E83AD231AB60D77006FD055 /* Images.xcassets */; };
		1E83AD271AB60D77006FD055 /* LaunchScreen.xib in Resources */ = {isa = PBXBuildFile; fileRef = 1E83AD251AB60D77006FD055 /* LaunchScreen.xib */; };
		1E83AD331AB60D77006FD055 /* Pitch_PerfectTests.swift in Sources */ = {isa = PBXBuildFile; fileRef = 1E83AD321AB60D77006FD055 /* Pitch_PerfectTests.swift */; };
/* End PBXBuildFile section */

/* Begin PBXContainerItemProxy section */
		1E83AD2D1AB60D77006FD055 /* PBXContainerItemProxy */ = {
			isa = PBXContainerItemProxy;
			containerPortal = 1E83AD0F1AB60D76006FD055 /* Project object */;
			proxyType = 1;
			remoteGlobalIDString = 1E83AD161AB60D76006FD055;
			remoteInfo = "Pitch Perfect";
		};
/* End PBXContainerItemProxy section */

/* Begin PBXFileReference section */
		1E5144B31AC567D300DDFB5A /* RecordAudio.swift */ = {isa = PBXFileReference; fileEncoding = 4; lastKnownFileType = sourcecode.swift; path = RecordAudio.swift; sourceTree = "<group>"; };
		1E77B7521ABB1D6E00E52093 /* PlaySoundsViewController.swift */ = {isa = PBXFileReference; fileEncoding = 4; lastKnownFileType = sourcecode.swift; path = PlaySoundsViewController.swift; sourceTree = "<group>"; };
		1E83AD171AB60D76006FD055 /* Pitch Perfect.app */ = {isa = PBXFileReference; explicitFileType = wrapper.application; includeInIndex = 0; path = "Pitch Perfect.app"; sourceTree = BUILT_PRODUCTS_DIR; };
		1E83AD1B1AB60D76006FD055 /* Info.plist */ = {isa = PBXFileReference; lastKnownFileType = text.plist.xml; path = Info.plist; sourceTree = "<group>"; };
		1E83AD1C1AB60D76006FD055 /* AppDelegate.swift */ = {isa = PBXFileReference; lastKnownFileType = sourcecode.swift; path = AppDelegate.swift; sourceTree = "<group>"; };
		1E83AD1E1AB60D76006FD055 /* RecordSoundsViewController.swift */ = {isa = PBXFileReference; lastKnownFileType = sourcecode.swift; path = RecordSoundsViewController.swift; sourceTree = "<group>"; };
		1E83AD211AB60D76006FD055 /* Base */ = {isa = PBXFileReference; lastKnownFileType = file.storyboard; name = Base; path = Base.lproj/Main.storyboard; sourceTree = "<group>"; };
		1E83AD231AB60D77006FD055 /* Images.xcassets */ = {isa = PBXFileReference; lastKnownFileType = folder.assetcatalog; path = Images.xcassets; sourceTree = "<group>"; };
		1E83AD261AB60D77006FD055 /* Base */ = {isa = PBXFileReference; lastKnownFileType = file.xib; name = Base; path = Base.lproj/LaunchScreen.xib; sourceTree = "<group>"; };
		1E83AD2C1AB60D77006FD055 /* Pitch PerfectTests.xctest */ = {isa = PBXFileReference; explicitFileType = wrapper.cfbundle; includeInIndex = 0; path = "Pitch PerfectTests.xctest"; sourceTree = BUILT_PRODUCTS_DIR; };
		1E83AD311AB60D77006FD055 /* Info.plist */ = {isa = PBXFileReference; lastKnownFileType = text.plist.xml; path = Info.plist; sourceTree = "<group>"; };
		1E83AD321AB60D77006FD055 /* Pitch_PerfectTests.swift */ = {isa = PBXFileReference; lastKnownFileType = sourcecode.swift; path = Pitch_PerfectTests.swift; sourceTree = "<group>"; };
/* End PBXFileReference section */

/* Begin PBXFrameworksBuildPhase section */
		1E83AD141AB60D76006FD055 /* Frameworks */ = {
			isa = PBXFrameworksBuildPhase;
			buildActionMask = 2147483647;
			files = (
			);
			runOnlyForDeploymentPostprocessing = 0;
		};
		1E83AD291AB60D77006FD055 /* Frameworks */ = {
			isa = PBXFrameworksBuildPhase;
			buildActionMask = 2147483647;
			files = (
			);
			runOnlyForDeploymentPostprocessing = 0;
		};
/* End PBXFrameworksBuildPhase section */

/* Begin PBXGroup section */
		1E83AD0E1AB60D76006FD055 = {
			isa = PBXGroup;
			children = (
				1E83AD191AB60D76006FD055 /* Pitch Perfect */,
				1E83AD2F1AB60D77006FD055 /* Pitch PerfectTests */,
				1E83AD181AB60D76006FD055 /* Products */,
			);
			sourceTree = "<group>";
		};
		1E83AD181AB60D76006FD055 /* Products */ = {
			isa = PBXGroup;
			children = (
				1E83AD171AB60D76006FD055 /* Pitch Perfect.app */,
				1E83AD2C1AB60D77006FD055 /* Pitch PerfectTests.xctest */,
			);
			name = Products;
			sourceTree = "<group>";
		};
		1E83AD191AB60D76006FD055 /* Pitch Perfect */ = {
			isa = PBXGroup;
			children = (
				1E83AD1C1AB60D76006FD055 /* AppDelegate.swift */,
				1E83AD1E1AB60D76006FD055 /* RecordSoundsViewController.swift */,
				1E5144B31AC567D300DDFB5A /* RecordAudio.swift */,
				1E83AD201AB60D76006FD055 /* Main.storyboard */,
				1E77B7521ABB1D6E00E52093 /* PlaySoundsViewController.swift */,
				1E83AD231AB60D77006FD055 /* Images.xcassets */,
				1E83AD251AB60D77006FD055 /* LaunchScreen.xib */,
				1E83AD1A1AB60D76006FD055 /* Supporting Files */,
			);
			path = "Pitch Perfect";
			sourceTree = "<group>";
		};
		1E83AD1A1AB60D76006FD055 /* Supporting Files */ = {
			isa = PBXGroup;
			children = (
				1E83AD1B1AB60D76006FD055 /* Info.plist */,
			);
			name = "Supporting Files";
			sourceTree = "<group>";
		};
		1E83AD2F1AB60D77006FD055 /* Pitch PerfectTests */ = {
			isa = PBXGroup;
			children = (
				1E83AD321AB60D77006FD055 /* Pitch_PerfectTests.swift */,
				1E83AD301AB60D77006FD055 /* Supporting Files */,
			);
			path = "Pitch PerfectTests";
			sourceTree = "<group>";
		};
		1E83AD301AB60D77006FD055 /* Supporting Files */ = {
			isa = PBXGroup;
			children = (
				1E83AD311AB60D77006FD055 /* Info.plist */,
			);
			name = "Supporting Files";
			sourceTree = "<group>";
		};
/* End PBXGroup section */

/* Begin PBXNativeTarget section */
		1E83AD161AB60D76006FD055 /* Pitch Perfect */ = {
			isa = PBXNativeTarget;
			buildConfigurationList = 1E83AD361AB60D77006FD055 /* Build configuration list for PBXNativeTarget "Pitch Perfect" */;
			buildPhases = (
				1E83AD131AB60D76006FD055 /* Sources */,
				1E83AD141AB60D76006FD055 /* Frameworks */,
				1E83AD151AB60D76006FD055 /* Resources */,
			);
			buildRules = (
			);
			dependencies = (
			);
			name = "Pitch Perfect";
			productName = "Pitch Perfect";
			productReference = 1E83AD171AB60D76006FD055 /* Pitch Perfect.app */;
			productType = "com.apple.product-type.application";
		};
		1E83AD2B1AB60D77006FD055 /* Pitch PerfectTests */ = {
			isa = PBXNativeTarget;
			buildConfigurationList = 1E83AD391AB60D77006FD055 /* Build configuration list for PBXNativeTarget "Pitch PerfectTests" */;
			buildPhases = (
				1E83AD281AB60D77006FD055 /* Sources */,
				1E83AD291AB60D77006FD055 /* Frameworks */,
				1E83AD2A1AB60D77006FD055 /* Resources */,
			);
			buildRules = (
			);
			dependencies = (
				1E83AD2E1AB60D77006FD055 /* PBXTargetDependency */,
			);
			name = "Pitch PerfectTests";
			productName = "Pitch PerfectTests";
			productReference = 1E83AD2C1AB60D77006FD055 /* Pitch PerfectTests.xctest */;
			productType = "com.apple.product-type.bundle.unit-test";
		};
/* End PBXNativeTarget section */

/* Begin PBXProject section */
		1E83AD0F1AB60D76006FD055 /* Project object */ = {
			isa = PBXProject;
			attributes = {
				LastUpgradeCheck = 0620;
				ORGANIZATIONNAME = "Mate Salekovics";
				TargetAttributes = {
					1E83AD161AB60D76006FD055 = {
						CreatedOnToolsVersion = 6.2;
					};
					1E83AD2B1AB60D77006FD055 = {
						CreatedOnToolsVersion = 6.2;
						TestTargetID = 1E83AD161AB60D76006FD055;
					};
				};
			};
			buildConfigurationList = 1E83AD121AB60D76006FD055 /* Build configuration list for PBXProject "Pitch Perfect" */;
			compatibilityVersion = "Xcode 3.2";
			developmentRegion = English;
			hasScannedForEncodings = 0;
			knownRegions = (
				en,
				Base,
			);
			mainGroup = 1E83AD0E1AB60D76006FD055;
			productRefGroup = 1E83AD181AB60D76006FD055 /* Products */;
			projectDirPath = "";
			projectRoot = "";
			targets = (
				1E83AD161AB60D76006FD055 /* Pitch Perfect */,
				1E83AD2B1AB60D77006FD055 /* Pitch PerfectTests */,
			);
		};
/* End PBXProject section */

/* Begin PBXResourcesBuildPhase section */
		1E83AD151AB60D76006FD055 /* Resources */ = {
			isa = PBXResourcesBuildPhase;
			buildActionMask = 2147483647;
			files = (
				1E83AD221AB60D76006FD055 /* Main.storyboard in Resources */,
				1E83AD271AB60D77006FD055 /* LaunchScreen.xib in Resources */,
				1E83AD241AB60D77006FD055 /* Images.xcassets in Resources */,
			);
			runOnlyForDeploymentPostprocessing = 0;
		};
		1E83AD2A1AB60D77006FD055 /* Resources */ = {
			isa = PBXResourcesBuildPhase;
			buildActionMask = 2147483647;
			files = (
			);
			runOnlyForDeploymentPostprocessing = 0;
		};
/* End PBXResourcesBuildPhase section */

/* Begin PBXSourcesBuildPhase section */
		1E83AD131AB60D76006FD055 /* Sources */ = {
			isa = PBXSourcesBuildPhase;
			buildActionMask = 2147483647;
			files = (
				1E83AD1F1AB60D76006FD055 /* RecordSoundsViewController.swift in Sources */,
				1E5144B41AC567D300DDFB5A /* RecordAudio.swift in Sources */,
				1E77B7531ABB1D6E00E52093 /* PlaySoundsViewController.swift in Sources */,
				1E83AD1D1AB60D76006FD055 /* AppDelegate.swift in Sources */,
			);
			runOnlyForDeploymentPostprocessing = 0;
		};
		1E83AD281AB60D77006FD055 /* Sources */ = {
			isa = PBXSourcesBuildPhase;
			buildActionMask = 2147483647;
			files = (
				1E83AD331AB60D77006FD055 /* Pitch_PerfectTests.swift in Sources */,
			);
			runOnlyForDeploymentPostprocessing = 0;
		};
/* End PBXSourcesBuildPhase section */

/* Begin PBXTargetDependency section */
		1E83AD2E1AB60D77006FD055 /* PBXTargetDependency */ = {
			isa = PBXTargetDependency;
			target = 1E83AD161AB60D76006FD055 /* Pitch Perfect */;
			targetProxy = 1E83AD2D1AB60D77006FD055 /* PBXContainerItemProxy */;
		};
/* End PBXTargetDependency section */

/* Begin PBXVariantGroup section */
		1E83AD201AB60D76006FD055 /* Main.storyboard */ = {
			isa = PBXVariantGroup;
			children = (
				1E83AD211AB60D76006FD055 /* Base */,
			);
			name = Main.storyboard;
			sourceTree = "<group>";
		};
		1E83AD251AB60D77006FD055 /* LaunchScreen.xib */ = {
			isa = PBXVariantGroup;
			children = (
				1E83AD261AB60D77006FD055 /* Base */,
			);
			name = LaunchScreen.xib;
			sourceTree = "<group>";
		};
/* End PBXVariantGroup section */

/* Begin XCBuildConfiguration section */
		1E83AD341AB60D77006FD055 /* Debug */ = {
			isa = XCBuildConfiguration;
			buildSettings = {
				ALWAYS_SEARCH_USER_PATHS = NO;
				CLANG_CXX_LANGUAGE_STANDARD = "gnu++0x";
				CLANG_CXX_LIBRARY = "libc++";
				CLANG_ENABLE_MODULES = YES;
				CLANG_ENABLE_OBJC_ARC = YES;
				CLANG_WARN_BOOL_CONVERSION = YES;
				CLANG_WARN_CONSTANT_CONVERSION = YES;
				CLANG_WARN_DIRECT_OBJC_ISA_USAGE = YES_ERROR;
				CLANG_WARN_EMPTY_BODY = YES;
				CLANG_WARN_ENUM_CONVERSION = YES;
				CLANG_WARN_INT_CONVERSION = YES;
				CLANG_WARN_OBJC_ROOT_CLASS = YES_ERROR;
				CLANG_WARN_UNREACHABLE_CODE = YES;
				CLANG_WARN__DUPLICATE_METHOD_MATCH = YES;
				"CODE_SIGN_IDENTITY[sdk=iphoneos*]" = "iPhone Developer";
				COPY_PHASE_STRIP = NO;
				ENABLE_STRICT_OBJC_MSGSEND = YES;
				GCC_C_LANGUAGE_STANDARD = gnu99;
				GCC_DYNAMIC_NO_PIC = NO;
				GCC_OPTIMIZATION_LEVEL = 0;
				GCC_PREPROCESSOR_DEFINITIONS = (
					"DEBUG=1",
					"$(inherited)",
				);
				GCC_SYMBOLS_PRIVATE_EXTERN = NO;
				GCC_WARN_64_TO_32_BIT_CONVERSION = YES;
				GCC_WARN_ABOUT_RETURN_TYPE = YES_ERROR;
				GCC_WARN_UNDECLARED_SELECTOR = YES;
				GCC_WARN_UNINITIALIZED_AUTOS = YES_AGGRESSIVE;
				GCC_WARN_UNUSED_FUNCTION = YES;
				GCC_WARN_UNUSED_VARIABLE = YES;
				IPHONEOS_DEPLOYMENT_TARGET = 8.2;
				MTL_ENABLE_DEBUG_INFO = YES;
				ONLY_ACTIVE_ARCH = YES;
				SDKROOT = iphoneos;
				SWIFT_OPTIMIZATION_LEVEL = "-Onone";
			};
			name = Debug;
		};
		1E83AD351AB60D77006FD055 /* Release */ = {
			isa = XCBuildConfiguration;
			buildSettings = {
				ALWAYS_SEARCH_USER_PATHS = NO;
				CLANG_CXX_LANGUAGE_STANDARD = "gnu++0x";
				CLANG_CXX_LIBRARY = "libc++";
				CLANG_ENABLE_MODULES = YES;
				CLANG_ENABLE_OBJC_ARC = YES;
				CLANG_WARN_BOOL_CONVERSION = YES;
				CLANG_WARN_CONSTANT_CONVERSION = YES;
				CLANG_WARN_DIRECT_OBJC_ISA_USAGE = YES_ERROR;
				CLANG_WARN_EMPTY_BODY = YES;
				CLANG_WARN_ENUM_CONVERSION = YES;
				CLANG_WARN_INT_CONVERSION = YES;
				CLANG_WARN_OBJC_ROOT_CLASS = YES_ERROR;
				CLANG_WARN_UNREACHABLE_CODE = YES;
				CLANG_WARN__DUPLICATE_METHOD_MATCH = YES;
				"CODE_SIGN_IDENTITY[sdk=iphoneos*]" = "iPhone Developer";
				COPY_PHASE_STRIP = NO;
				ENABLE_NS_ASSERTIONS = NO;
				ENABLE_STRICT_OBJC_MSGSEND = YES;
				GCC_C_LANGUAGE_STANDARD = gnu99;
				GCC_WARN_64_TO_32_BIT_CONVERSION = YES;
				GCC_WARN_ABOUT_RETURN_TYPE = YES_ERROR;
				GCC_WARN_UNDECLARED_SELECTOR = YES;
				GCC_WARN_UNINITIALIZED_AUTOS = YES_AGGRESSIVE;
				GCC_WARN_UNUSED_FUNCTION = YES;
				GCC_WARN_UNUSED_VARIABLE = YES;
				IPHONEOS_DEPLOYMENT_TARGET = 8.2;
				MTL_ENABLE_DEBUG_INFO = NO;
				SDKROOT = iphoneos;
				VALIDATE_PRODUCT = YES;
			};
			name = Release;
		};
		1E83AD371AB60D77006FD055 /* Debug */ = {
			isa = XCBuildConfiguration;
			buildSettings = {
				ASSETCATALOG_COMPILER_APPICON_NAME = AppIcon;
				INFOPLIST_FILE = "Pitch Perfect/Info.plist";
				IPHONEOS_DEPLOYMENT_TARGET = 8.2;
				LD_RUNPATH_SEARCH_PATHS = "$(inherited) @executable_path/Frameworks";
				PRODUCT_NAME = "$(TARGET_NAME)";
			};
			name = Debug;
		};
		1E83AD381AB60D77006FD055 /* Release */ = {
			isa = XCBuildConfiguration;
			buildSettings = {
				ASSETCATALOG_COMPILER_APPICON_NAME = AppIcon;
				INFOPLIST_FILE = "Pitch Perfect/Info.plist";
				IPHONEOS_DEPLOYMENT_TARGET = 8.2;
				LD_RUNPATH_SEARCH_PATHS = "$(inherited) @executable_path/Frameworks";
				PRODUCT_NAME = "$(TARGET_NAME)";
			};
			name = Release;
		};
		1E83AD3A1AB60D77006FD055 /* Debug */ = {
			isa = XCBuildConfiguration;
			buildSettings = {
				BUNDLE_LOADER = "$(TEST_HOST)";
				FRAMEWORK_SEARCH_PATHS = (
					"$(SDKROOT)/Developer/Library/Frameworks",
					"$(inherited)",
				);
				GCC_PREPROCESSOR_DEFINITIONS = (
					"DEBUG=1",
					"$(inherited)",
				);
				INFOPLIST_FILE = "Pitch PerfectTests/Info.plist";
				LD_RUNPATH_SEARCH_PATHS = "$(inherited) @executable_path/Frameworks @loader_path/Frameworks";
				PRODUCT_NAME = "$(TARGET_NAME)";
				TEST_HOST = "$(BUILT_PRODUCTS_DIR)/Pitch Perfect.app/Pitch Perfect";
			};
			name = Debug;
		};
		1E83AD3B1AB60D77006FD055 /* Release */ = {
			isa = XCBuildConfiguration;
			buildSettings = {
				BUNDLE_LOADER = "$(TEST_HOST)";
				FRAMEWORK_SEARCH_PATHS = (
					"$(SDKROOT)/Developer/Library/Frameworks",
					"$(inherited)",
				);
				INFOPLIST_FILE = "Pitch PerfectTests/Info.plist";
				LD_RUNPATH_SEARCH_PATHS = "$(inherited) @executable_path/Frameworks @loader_path/Frameworks";
				PRODUCT_NAME = "$(TARGET_NAME)";
				TEST_HOST = "$(BUILT_PRODUCTS_DIR)/Pitch Perfect.app/Pitch Perfect";
			};
			name = Release;
		};
/* End XCBuildConfiguration section */

/* Begin XCConfigurationList section */
		1E83AD121AB60D76006FD055 /* Build configuration list for PBXProject "Pitch Perfect" */ = {
			isa = XCConfigurationList;
			buildConfigurations = (
				1E83AD341AB60D77006FD055 /* Debug */,
				1E83AD351AB60D77006FD055 /* Release */,
			);
			defaultConfigurationIsVisible = 0;
			defaultConfigurationName = Release;
		};
		1E83AD361AB60D77006FD055 /* Build configuration list for PBXNativeTarget "Pitch Perfect" */ = {
			isa = XCConfigurationList;
			buildConfigurations = (
				1E83AD371AB60D77006FD055 /* Debug */,
				1E83AD381AB60D77006FD055 /* Release */,
			);
			defaultConfigurationIsVisible = 0;
			defaultConfigurationName = Release;
		};
		1E83AD391AB60D77006FD055 /* Build configuration list for PBXNativeTarget "Pitch PerfectTests" */ = {
			isa = XCConfigurationList;
			buildConfigurations = (
				1E83AD3A1AB60D77006FD055 /* Debug */,
				1E83AD3B1AB60D77006FD055 /* Release */,
			);
			defaultConfigurationIsVisible = 0;
			defaultConfigurationName = Release;
		};
/* End XCConfigurationList section */
	};
	rootObject = 1E83AD0F1AB60D76006FD055 /* Project object */;
}
